// !$*UTF8*$!
{
	archiveVersion = 1;
	classes = {
	};
	objectVersion = 46;
	objects = {

/* Begin PBXBuildFile section */
		9A53448F1B054B5000589BB6 /* main.m in Sources */ = {isa = PBXBuildFile; fileRef = 9A53448E1B054B5000589BB6 /* main.m */; };
		9A5344921B054B5000589BB6 /* AppDelegate.m in Sources */ = {isa = PBXBuildFile; fileRef = 9A5344911B054B5000589BB6 /* AppDelegate.m */; };
		9A5344951B054B5000589BB6 /* ViewController.m in Sources */ = {isa = PBXBuildFile; fileRef = 9A5344941B054B5000589BB6 /* ViewController.m */; };
		9A5344981B054B5000589BB6 /* Main.storyboard in Resources */ = {isa = PBXBuildFile; fileRef = 9A5344961B054B5000589BB6 /* Main.storyboard */; };
		9A53449A1B054B5000589BB6 /* Images.xcassets in Resources */ = {isa = PBXBuildFile; fileRef = 9A5344991B054B5000589BB6 /* Images.xcassets */; };
		9A53449D1B054B5000589BB6 /* LaunchScreen.xib in Resources */ = {isa = PBXBuildFile; fileRef = 9A53449B1B054B5000589BB6 /* LaunchScreen.xib */; };
		9A5344A91B054B5000589BB6 /* TicTacToeTests.m in Sources */ = {isa = PBXBuildFile; fileRef = 9A5344A81B054B5000589BB6 /* TicTacToeTests.m */; };
/* End PBXBuildFile section */

/* Begin PBXContainerItemProxy section */
		9A5344A31B054B5000589BB6 /* PBXContainerItemProxy */ = {
			isa = PBXContainerItemProxy;
			containerPortal = 9A5344811B054B5000589BB6 /* Project object */;
			proxyType = 1;
			remoteGlobalIDString = 9A5344881B054B5000589BB6;
			remoteInfo = TicTacToe;
		};
/* End PBXContainerItemProxy section */

/* Begin PBXFileReference section */
		9A5344891B054B5000589BB6 /* TicTacToe.app */ = {isa = PBXFileReference; explicitFileType = wrapper.application; includeInIndex = 0; path = TicTacToe.app; sourceTree = BUILT_PRODUCTS_DIR; };
		9A53448D1B054B5000589BB6 /* Info.plist */ = {isa = PBXFileReference; lastKnownFileType = text.plist.xml; path = Info.plist; sourceTree = "<group>"; };
		9A53448E1B054B5000589BB6 /* main.m */ = {isa = PBXFileReference; lastKnownFileType = sourcecode.c.objc; path = main.m; sourceTree = "<group>"; };
		9A5344901B054B5000589BB6 /* AppDelegate.h */ = {isa = PBXFileReference; lastKnownFileType = sourcecode.c.h; path = AppDelegate.h; sourceTree = "<group>"; };
		9A5344911B054B5000589BB6 /* AppDelegate.m */ = {isa = PBXFileReference; lastKnownFileType = sourcecode.c.objc; path = AppDelegate.m; sourceTree = "<group>"; };
		9A5344931B054B5000589BB6 /* ViewController.h */ = {isa = PBXFileReference; lastKnownFileType = sourcecode.c.h; path = ViewController.h; sourceTree = "<group>"; };
		9A5344941B054B5000589BB6 /* ViewController.m */ = {isa = PBXFileReference; lastKnownFileType = sourcecode.c.objc; path = ViewController.m; sourceTree = "<group>"; };
		9A5344971B054B5000589BB6 /* Base */ = {isa = PBXFileReference; lastKnownFileType = file.storyboard; name = Base; path = Base.lproj/Main.storyboard; sourceTree = "<group>"; };
		9A5344991B054B5000589BB6 /* Images.xcassets */ = {isa = PBXFileReference; lastKnownFileType = folder.assetcatalog; path = Images.xcassets; sourceTree = "<group>"; };
		9A53449C1B054B5000589BB6 /* Base */ = {isa = PBXFileReference; lastKnownFileType = file.xib; name = Base; path = Base.lproj/LaunchScreen.xib; sourceTree = "<group>"; };
		9A5344A21B054B5000589BB6 /* TicTacToeTests.xctest */ = {isa = PBXFileReference; explicitFileType = wrapper.cfbundle; includeInIndex = 0; path = TicTacToeTests.xctest; sourceTree = BUILT_PRODUCTS_DIR; };
		9A5344A71B054B5000589BB6 /* Info.plist */ = {isa = PBXFileReference; lastKnownFileType = text.plist.xml; path = Info.plist; sourceTree = "<group>"; };
		9A5344A81B054B5000589BB6 /* TicTacToeTests.m */ = {isa = PBXFileReference; lastKnownFileType = sourcecode.c.objc; path = TicTacToeTests.m; sourceTree = "<group>"; };
/* End PBXFileReference section */

/* Begin PBXFrameworksBuildPhase section */
		9A5344861B054B5000589BB6 /* Frameworks */ = {
			isa = PBXFrameworksBuildPhase;
			buildActionMask = 2147483647;
			files = (
			);
			runOnlyForDeploymentPostprocessing = 0;
		};
		9A53449F1B054B5000589BB6 /* Frameworks */ = {
			isa = PBXFrameworksBuildPhase;
			buildActionMask = 2147483647;
			files = (
			);
			runOnlyForDeploymentPostprocessing = 0;
		};
/* End PBXFrameworksBuildPhase section */

/* Begin PBXGroup section */
		9A5344801B054B5000589BB6 = {
			isa = PBXGroup;
			children = (
				9A53448B1B054B5000589BB6 /* TicTacToe */,
				9A5344A51B054B5000589BB6 /* TicTacToeTests */,
				9A53448A1B054B5000589BB6 /* Products */,
			);
			sourceTree = "<group>";
		};
		9A53448A1B054B5000589BB6 /* Products */ = {
			isa = PBXGroup;
			children = (
				9A5344891B054B5000589BB6 /* TicTacToe.app */,
				9A5344A21B054B5000589BB6 /* TicTacToeTests.xctest */,
			);
			name = Products;
			sourceTree = "<group>";
		};
		9A53448B1B054B5000589BB6 /* TicTacToe */ = {
			isa = PBXGroup;
			children = (
				9A5344901B054B5000589BB6 /* AppDelegate.h */,
				9A5344911B054B5000589BB6 /* AppDelegate.m */,
				9A5344931B054B5000589BB6 /* ViewController.h */,
				9A5344941B054B5000589BB6 /* ViewController.m */,
				9A5344961B054B5000589BB6 /* Main.storyboard */,
				9A5344991B054B5000589BB6 /* Images.xcassets */,
				9A53449B1B054B5000589BB6 /* LaunchScreen.xib */,
				9A53448C1B054B5000589BB6 /* Supporting Files */,
			);
			path = TicTacToe;
			sourceTree = "<group>";
		};
		9A53448C1B054B5000589BB6 /* Supporting Files */ = {
			isa = PBXGroup;
			children = (
				9A53448D1B054B5000589BB6 /* Info.plist */,
				9A53448E1B054B5000589BB6 /* main.m */,
			);
			name = "Supporting Files";
			sourceTree = "<group>";
		};
		9A5344A51B054B5000589BB6 /* TicTacToeTests */ = {
			isa = PBXGroup;
			children = (
				9A5344A81B054B5000589BB6 /* TicTacToeTests.m */,
				9A5344A61B054B5000589BB6 /* Supporting Files */,
			);
			path = TicTacToeTests;
			sourceTree = "<group>";
		};
		9A5344A61B054B5000589BB6 /* Supporting Files */ = {
			isa = PBXGroup;
			children = (
				9A5344A71B054B5000589BB6 /* Info.plist */,
			);
			name = "Supporting Files";
			sourceTree = "<group>";
		};
/* End PBXGroup section */

/* Begin PBXNativeTarget section */
		9A5344881B054B5000589BB6 /* TicTacToe */ = {
			isa = PBXNativeTarget;
			buildConfigurationList = 9A5344AC1B054B5000589BB6 /* Build configuration list for PBXNativeTarget "TicTacToe" */;
			buildPhases = (
				9A5344851B054B5000589BB6 /* Sources */,
				9A5344861B054B5000589BB6 /* Frameworks */,
				9A5344871B054B5000589BB6 /* Resources */,
			);
			buildRules = (
			);
			dependencies = (
			);
			name = TicTacToe;
			productName = TicTacToe;
			productReference = 9A5344891B054B5000589BB6 /* TicTacToe.app */;
			productType = "com.apple.product-type.application";
		};
		9A5344A11B054B5000589BB6 /* TicTacToeTests */ = {
			isa = PBXNativeTarget;
			buildConfigurationList = 9A5344AF1B054B5000589BB6 /* Build configuration list for PBXNativeTarget "TicTacToeTests" */;
			buildPhases = (
				9A53449E1B054B5000589BB6 /* Sources */,
				9A53449F1B054B5000589BB6 /* Frameworks */,
				9A5344A01B054B5000589BB6 /* Resources */,
			);
			buildRules = (
			);
			dependencies = (
				9A5344A41B054B5000589BB6 /* PBXTargetDependency */,
			);
			name = TicTacToeTests;
			productName = TicTacToeTests;
			productReference = 9A5344A21B054B5000589BB6 /* TicTacToeTests.xctest */;
			productType = "com.apple.product-type.bundle.unit-test";
		};
/* End PBXNativeTarget section */

/* Begin PBXProject section */
		9A5344811B054B5000589BB6 /* Project object */ = {
			isa = PBXProject;
			attributes = {
				LastUpgradeCheck = 0620;
				ORGANIZATIONNAME = "___AndersChaplin___";
				TargetAttributes = {
					9A5344881B054B5000589BB6 = {
						CreatedOnToolsVersion = 6.2;
					};
					9A5344A11B054B5000589BB6 = {
						CreatedOnToolsVersion = 6.2;
						TestTargetID = 9A5344881B054B5000589BB6;
					};
				};
			};
			buildConfigurationList = 9A5344841B054B5000589BB6 /* Build configuration list for PBXProject "TicTacToe" */;
			compatibilityVersion = "Xcode 3.2";
			developmentRegion = English;
			hasScannedForEncodings = 0;
			knownRegions = (
				en,
				Base,
			);
			mainGroup = 9A5344801B054B5000589BB6;
			productRefGroup = 9A53448A1B054B5000589BB6 /* Products */;
			projectDirPath = "";
			projectRoot = "";
			targets = (
				9A5344881B054B5000589BB6 /* TicTacToe */,
				9A5344A11B054B5000589BB6 /* TicTacToeTests */,
			);
		};
/* End PBXProject section */

/* Begin PBXResourcesBuildPhase section */
		9A5344871B054B5000589BB6 /* Resources */ = {
			isa = PBXResourcesBuildPhase;
			buildActionMask = 2147483647;
			files = (
				9A5344981B054B5000589BB6 /* Main.storyboard in Resources */,
				9A53449D1B054B5000589BB6 /* LaunchScreen.xib in Resources */,
				9A53449A1B054B5000589BB6 /* Images.xcassets in Resources */,
			);
			runOnlyForDeploymentPostprocessing = 0;
		};
		9A5344A01B054B5000589BB6 /* Resources */ = {
			isa = PBXResourcesBuildPhase;
			buildActionMask = 2147483647;
			files = (
			);
			runOnlyForDeploymentPostprocessing = 0;
		};
/* End PBXResourcesBuildPhase section */

/* Begin PBXSourcesBuildPhase section */
		9A5344851B054B5000589BB6 /* Sources */ = {
			isa = PBXSourcesBuildPhase;
			buildActionMask = 2147483647;
			files = (
				9A5344951B054B5000589BB6 /* ViewController.m in Sources */,
				9A5344921B054B5000589BB6 /* AppDelegate.m in Sources */,
				9A53448F1B054B5000589BB6 /* main.m in Sources */,
			);
			runOnlyForDeploymentPostprocessing = 0;
		};
		9A53449E1B054B5000589BB6 /* Sources */ = {
			isa = PBXSourcesBuildPhase;
			buildActionMask = 2147483647;
			files = (
				9A5344A91B054B5000589BB6 /* TicTacToeTests.m in Sources */,
			);
			runOnlyForDeploymentPostprocessing = 0;
		};
/* End PBXSourcesBuildPhase section */

/* Begin PBXTargetDependency section */
		9A5344A41B054B5000589BB6 /* PBXTargetDependency */ = {
			isa = PBXTargetDependency;
			target = 9A5344881B054B5000589BB6 /* TicTacToe */;
			targetProxy = 9A5344A31B054B5000589BB6 /* PBXContainerItemProxy */;
		};
/* End PBXTargetDependency section */

/* Begin PBXVariantGroup section */
		9A5344961B054B5000589BB6 /* Main.storyboard */ = {
			isa = PBXVariantGroup;
			children = (
				9A5344971B054B5000589BB6 /* Base */,
			);
			name = Main.storyboard;
			sourceTree = "<group>";
		};
		9A53449B1B054B5000589BB6 /* LaunchScreen.xib */ = {
			isa = PBXVariantGroup;
			children = (
				9A53449C1B054B5000589BB6 /* Base */,
			);
			name = LaunchScreen.xib;
			sourceTree = "<group>";
		};
/* End PBXVariantGroup section */

/* Begin XCBuildConfiguration section */
		9A5344AA1B054B5000589BB6 /* Debug */ = {
			isa = XCBuildConfiguration;
			buildSettings = {
				ALWAYS_SEARCH_USER_PATHS = NO;
				CLANG_CXX_LANGUAGE_STANDARD = "gnu++0x";
				CLANG_CXX_LIBRARY = "libc++";
				CLANG_ENABLE_MODULES = YES;
				CLANG_ENABLE_OBJC_ARC = YES;
				CLANG_WARN_BOOL_CONVERSION = YES;
				CLANG_WARN_CONSTANT_CONVERSION = YES;
				CLANG_WARN_DIRECT_OBJC_ISA_USAGE = YES_ERROR;
				CLANG_WARN_EMPTY_BODY = YES;
				CLANG_WARN_ENUM_CONVERSION = YES;
				CLANG_WARN_INT_CONVERSION = YES;
				CLANG_WARN_OBJC_ROOT_CLASS = YES_ERROR;
				CLANG_WARN_UNREACHABLE_CODE = YES;
				CLANG_WARN__DUPLICATE_METHOD_MATCH = YES;
				"CODE_SIGN_IDENTITY[sdk=iphoneos*]" = "iPhone Developer";
				COPY_PHASE_STRIP = NO;
				ENABLE_STRICT_OBJC_MSGSEND = YES;
				GCC_C_LANGUAGE_STANDARD = gnu99;
				GCC_DYNAMIC_NO_PIC = NO;
				GCC_OPTIMIZATION_LEVEL = 0;
				GCC_PREPROCESSOR_DEFINITIONS = (
					"DEBUG=1",
					"$(inherited)",
				);
				GCC_SYMBOLS_PRIVATE_EXTERN = NO;
				GCC_WARN_64_TO_32_BIT_CONVERSION = YES;
				GCC_WARN_ABOUT_RETURN_TYPE = YES_ERROR;
				GCC_WARN_UNDECLARED_SELECTOR = YES;
				GCC_WARN_UNINITIALIZED_AUTOS = YES_AGGRESSIVE;
				GCC_WARN_UNUSED_FUNCTION = YES;
				GCC_WARN_UNUSED_VARIABLE = YES;
				IPHONEOS_DEPLOYMENT_TARGET = 8.2;
				MTL_ENABLE_DEBUG_INFO = YES;
				ONLY_ACTIVE_ARCH = YES;
				SDKROOT = iphoneos;
			};
			name = Debug;
		};
		9A5344AB1B054B5000589BB6 /* Release */ = {
			isa = XCBuildConfiguration;
			buildSettings = {
				ALWAYS_SEARCH_USER_PATHS = NO;
				CLANG_CXX_LANGUAGE_STANDARD = "gnu++0x";
				CLANG_CXX_LIBRARY = "libc++";
				CLANG_ENABLE_MODULES = YES;
				CLANG_ENABLE_OBJC_ARC = YES;
				CLANG_WARN_BOOL_CONVERSION = YES;
				CLANG_WARN_CONSTANT_CONVERSION = YES;
				CLANG_WARN_DIRECT_OBJC_ISA_USAGE = YES_ERROR;
				CLANG_WARN_EMPTY_BODY = YES;
				CLANG_WARN_ENUM_CONVERSION = YES;
				CLANG_WARN_INT_CONVERSION = YES;
				CLANG_WARN_OBJC_ROOT_CLASS = YES_ERROR;
				CLANG_WARN_UNREACHABLE_CODE = YES;
				CLANG_WARN__DUPLICATE_METHOD_MATCH = YES;
				"CODE_SIGN_IDENTITY[sdk=iphoneos*]" = "iPhone Developer";
				COPY_PHASE_STRIP = NO;
				ENABLE_NS_ASSERTIONS = NO;
				ENABLE_STRICT_OBJC_MSGSEND = YES;
				GCC_C_LANGUAGE_STANDARD = gnu99;
				GCC_WARN_64_TO_32_BIT_CONVERSION = YES;
				GCC_WARN_ABOUT_RETURN_TYPE = YES_ERROR;
				GCC_WARN_UNDECLARED_SELECTOR = YES;
				GCC_WARN_UNINITIALIZED_AUTOS = YES_AGGRESSIVE;
				GCC_WARN_UNUSED_FUNCTION = YES;
				GCC_WARN_UNUSED_VARIABLE = YES;
				IPHONEOS_DEPLOYMENT_TARGET = 8.2;
				MTL_ENABLE_DEBUG_INFO = NO;
				SDKROOT = iphoneos;
				VALIDATE_PRODUCT = YES;
			};
			name = Release;
		};
		9A5344AD1B054B5000589BB6 /* Debug */ = {
			isa = XCBuildConfiguration;
			buildSettings = {
				ASSETCATALOG_COMPILER_APPICON_NAME = AppIcon;
				INFOPLIST_FILE = TicTacToe/Info.plist;
				LD_RUNPATH_SEARCH_PATHS = "$(inherited) @executable_path/Frameworks";
				PRODUCT_NAME = "$(TARGET_NAME)";
			};
			name = Debug;
		};
		9A5344AE1B054B5000589BB6 /* Release */ = {
			isa = XCBuildConfiguration;
			buildSettings = {
				ASSETCATALOG_COMPILER_APPICON_NAME = AppIcon;
				INFOPLIST_FILE = TicTacToe/Info.plist;
				LD_RUNPATH_SEARCH_PATHS = "$(inherited) @executable_path/Frameworks";
				PRODUCT_NAME = "$(TARGET_NAME)";
			};
			name = Release;
		};
		9A5344B01B054B5000589BB6 /* Debug */ = {
			isa = XCBuildConfiguration;
			buildSettings = {
				BUNDLE_LOADER = "$(TEST_HOST)";
				FRAMEWORK_SEARCH_PATHS = (
					"$(SDKROOT)/Developer/Library/Frameworks",
					"$(inherited)",
				);
				GCC_PREPROCESSOR_DEFINITIONS = (
					"DEBUG=1",
					"$(inherited)",
				);
				INFOPLIST_FILE = TicTacToeTests/Info.plist;
				LD_RUNPATH_SEARCH_PATHS = "$(inherited) @executable_path/Frameworks @loader_path/Frameworks";
				PRODUCT_NAME = "$(TARGET_NAME)";
				TEST_HOST = "$(BUILT_PRODUCTS_DIR)/TicTacToe.app/TicTacToe";
			};
			name = Debug;
		};
		9A5344B11B054B5000589BB6 /* Release */ = {
			isa = XCBuildConfiguration;
			buildSettings = {
				BUNDLE_LOADER = "$(TEST_HOST)";
				FRAMEWORK_SEARCH_PATHS = (
					"$(SDKROOT)/Developer/Library/Frameworks",
					"$(inherited)",
				);
				INFOPLIST_FILE = TicTacToeTests/Info.plist;
				LD_RUNPATH_SEARCH_PATHS = "$(inherited) @executable_path/Frameworks @loader_path/Frameworks";
				PRODUCT_NAME = "$(TARGET_NAME)";
				TEST_HOST = "$(BUILT_PRODUCTS_DIR)/TicTacToe.app/TicTacToe";
			};
			name = Release;
		};
/* End XCBuildConfiguration section */

/* Begin XCConfigurationList section */
		9A5344841B054B5000589BB6 /* Build configuration list for PBXProject "TicTacToe" */ = {
			isa = XCConfigurationList;
			buildConfigurations = (
				9A5344AA1B054B5000589BB6 /* Debug */,
				9A5344AB1B054B5000589BB6 /* Release */,
			);
			defaultConfigurationIsVisible = 0;
			defaultConfigurationName = Release;
		};
		9A5344AC1B054B5000589BB6 /* Build configuration list for PBXNativeTarget "TicTacToe" */ = {
			isa = XCConfigurationList;
			buildConfigurations = (
				9A5344AD1B054B5000589BB6 /* Debug */,
				9A5344AE1B054B5000589BB6 /* Release */,
			);
			defaultConfigurationIsVisible = 0;
		};
		9A5344AF1B054B5000589BB6 /* Build configuration list for PBXNativeTarget "TicTacToeTests" */ = {
			isa = XCConfigurationList;
			buildConfigurations = (
				9A5344B01B054B5000589BB6 /* Debug */,
				9A5344B11B054B5000589BB6 /* Release */,
			);
			defaultConfigurationIsVisible = 0;
		};
/* End XCConfigurationList section */
	};
	rootObject = 9A5344811B054B5000589BB6 /* Project object */;
}
